
Microsoft Visual Studio Solution File, Format Version 12.00
# Visual Studio Version 17
VisualStudioVersion = 17.0.31903.59
MinimumVisualStudioVersion = 10.0.40219.1
Project("{FAE04EC0-301F-11D3-BF4B-00C04F79EFBC}") = "BSOFT.Domain", "BSOFT.Domain\BSOFT.Domain.csproj", "{9678EE6A-4449-406E-B1D2-847267C2339A}"
EndProject
Project("{FAE04EC0-301F-11D3-BF4B-00C04F79EFBC}") = "BSOFT.Application", "BSOFT.Application\BSOFT.Application.csproj", "{76022223-4B5E-49BC-9A77-AAEF229415EE}"
EndProject
Project("{FAE04EC0-301F-11D3-BF4B-00C04F79EFBC}") = "BSOFT.Infrastructure", "BSOFT.Infrastructure\BSOFT.Infrastructure.csproj", "{732732B2-3924-4007-9D3A-51F0B5C32E0B}"
EndProject
Project("{FAE04EC0-301F-11D3-BF4B-00C04F79EFBC}") = "BSOFT.API", "BSOFT.API\BSOFT.API.csproj", "{97CFDC33-9E52-44DB-9B84-94A155889DAF}"
EndProject
Global
	GlobalSection(SolutionConfigurationPlatforms) = preSolution
		Debug|Any CPU = Debug|Any CPU
		Release|Any CPU = Release|Any CPU
	EndGlobalSection
	GlobalSection(SolutionProperties) = preSolution
		HideSolutionNode = FALSE
	EndGlobalSection
	GlobalSection(ProjectConfigurationPlatforms) = postSolution
		{9678EE6A-4449-406E-B1D2-847267C2339A}.Debug|Any CPU.ActiveCfg = Debug|Any CPU
		{9678EE6A-4449-406E-B1D2-847267C2339A}.Debug|Any CPU.Build.0 = Debug|Any CPU
		{9678EE6A-4449-406E-B1D2-847267C2339A}.Release|Any CPU.ActiveCfg = Release|Any CPU
		{9678EE6A-4449-406E-B1D2-847267C2339A}.Release|Any CPU.Build.0 = Release|Any CPU
		{76022223-4B5E-49BC-9A77-AAEF229415EE}.Debug|Any CPU.ActiveCfg = Debug|Any CPU
		{76022223-4B5E-49BC-9A77-AAEF229415EE}.Debug|Any CPU.Build.0 = Debug|Any CPU
		{76022223-4B5E-49BC-9A77-AAEF229415EE}.Release|Any CPU.ActiveCfg = Release|Any CPU
		{76022223-4B5E-49BC-9A77-AAEF229415EE}.Release|Any CPU.Build.0 = Release|Any CPU
		{732732B2-3924-4007-9D3A-51F0B5C32E0B}.Debug|Any CPU.ActiveCfg = Debug|Any CPU
		{732732B2-3924-4007-9D3A-51F0B5C32E0B}.Debug|Any CPU.Build.0 = Debug|Any CPU
		{732732B2-3924-4007-9D3A-51F0B5C32E0B}.Release|Any CPU.ActiveCfg = Release|Any CPU
		{732732B2-3924-4007-9D3A-51F0B5C32E0B}.Release|Any CPU.Build.0 = Release|Any CPU
		{97CFDC33-9E52-44DB-9B84-94A155889DAF}.Debug|Any CPU.ActiveCfg = Debug|Any CPU
		{97CFDC33-9E52-44DB-9B84-94A155889DAF}.Debug|Any CPU.Build.0 = Debug|Any CPU
		{97CFDC33-9E52-44DB-9B84-94A155889DAF}.Release|Any CPU.ActiveCfg = Release|Any CPU
		{97CFDC33-9E52-44DB-9B84-94A155889DAF}.Release|Any CPU.Build.0 = Release|Any CPU
	EndGlobalSection
EndGlobal
