Microsoft Visual Studio Solution File, Format Version 12.00
# Visual Studio Version 17
VisualStudioVersion = 17.0.31903.59
MinimumVisualStudioVersion = 10.0.40219.1
Project("{FAE04EC0-301F-11D3-BF4B-00C04F79EFBC}") = "UserManagement.API", "UserManagement\UserManagement.API\UserManagement.API.csproj", "{7EA76029-EF84-4CC7-8962-76274E598C4A}"
EndProject
Project("{FAE04EC0-301F-11D3-BF4B-00C04F79EFBC}") = "UserManagement.Infrastructure", "UserManagement\UserManagement.Infrastructure\UserManagement.Infrastructure.csproj", "{25853162-C7E6-4933-9669-D52845545FD5}"
EndProject
Project("{2150E333-8FDC-42A3-9474-1A3956D46DE8}") = "UserManagement", "UserManagement", "{C157ED9C-C3AE-42BA-9147-0D99D96F30E7}"
EndProject
Project("{2150E333-8FDC-42A3-9474-1A3956D46DE8}") = "Core", "Core", "{7AA90037-A763-48E7-BCA0-A351D34D52E9}"
EndProject
Project("{FAE04EC0-301F-11D3-BF4B-00C04F79EFBC}") = "Core.Domain", "UserManagement\Core\Core.Domain\Core.Domain.csproj", "{B440D227-841A-409A-BE1F-5C84695B6038}"
EndProject
Project("{FAE04EC0-301F-11D3-BF4B-00C04F79EFBC}") = "Core.Application", "UserManagement\Core\Core.Application\Core.Application.csproj", "{6A7EDB6F-D729-44D4-ABFA-8A8733E51F3F}"
EndProject
Project("{2150E333-8FDC-42A3-9474-1A3956D46DE8}") = "FixedAssetManagement", "FixedAssetManagement", "{70E8B01D-580F-42DF-A04E-903FF40FE49B}"
EndProject
Project("{2150E333-8FDC-42A3-9474-1A3956D46DE8}") = "Core", "Core", "{7C351011-04D6-4E6D-AB03-39A25F105E51}"
EndProject
Project("{FAE04EC0-301F-11D3-BF4B-00C04F79EFBC}") = "Core.Domain", "FixedAssetManagement\Core\Core.Domain\Core.Domain.csproj", "{29A28629-DC0D-43F9-866D-0FFD80211745}"
EndProject
Project("{FAE04EC0-301F-11D3-BF4B-00C04F79EFBC}") = "Core.Application", "FixedAssetManagement\Core\Core.Application\Core.Application.csproj", "{9D44B699-F1AC-4594-87CF-73F8362C6F7B}"
EndProject
Project("{FAE04EC0-301F-11D3-BF4B-00C04F79EFBC}") = "FAM.Infrastructure", "FixedAssetManagement\FAM.Infrastructure\FAM.Infrastructure.csproj", "{56FB36CE-210E-4EA9-8C31-D51822690299}"
EndProject
Project("{FAE04EC0-301F-11D3-BF4B-00C04F79EFBC}") = "FAM.API", "FixedAssetManagement\FAM.API\FAM.API.csproj", "{69226EFA-AF51-4B79-8B7B-18BB55BAF19B}"
EndProject
Global
	GlobalSection(SolutionConfigurationPlatforms) = preSolution
		Debug|Any CPU = Debug|Any CPU
		Release|Any CPU = Release|Any CPU
	EndGlobalSection
	GlobalSection(ProjectConfigurationPlatforms) = postSolution
		{7EA76029-EF84-4CC7-8962-76274E598C4A}.Debug|Any CPU.ActiveCfg = Debug|Any CPU
		{7EA76029-EF84-4CC7-8962-76274E598C4A}.Debug|Any CPU.Build.0 = Debug|Any CPU
		{7EA76029-EF84-4CC7-8962-76274E598C4A}.Release|Any CPU.ActiveCfg = Release|Any CPU
		{7EA76029-EF84-4CC7-8962-76274E598C4A}.Release|Any CPU.Build.0 = Release|Any CPU
		{25853162-C7E6-4933-9669-D52845545FD5}.Debug|Any CPU.ActiveCfg = Debug|Any CPU
		{25853162-C7E6-4933-9669-D52845545FD5}.Debug|Any CPU.Build.0 = Debug|Any CPU
		{25853162-C7E6-4933-9669-D52845545FD5}.Release|Any CPU.ActiveCfg = Release|Any CPU
		{25853162-C7E6-4933-9669-D52845545FD5}.Release|Any CPU.Build.0 = Release|Any CPU
		{B440D227-841A-409A-BE1F-5C84695B6038}.Debug|Any CPU.ActiveCfg = Debug|Any CPU
		{B440D227-841A-409A-BE1F-5C84695B6038}.Debug|Any CPU.Build.0 = Debug|Any CPU
		{B440D227-841A-409A-BE1F-5C84695B6038}.Release|Any CPU.ActiveCfg = Release|Any CPU
		{B440D227-841A-409A-BE1F-5C84695B6038}.Release|Any CPU.Build.0 = Release|Any CPU
		{6A7EDB6F-D729-44D4-ABFA-8A8733E51F3F}.Debug|Any CPU.ActiveCfg = Debug|Any CPU
		{6A7EDB6F-D729-44D4-ABFA-8A8733E51F3F}.Debug|Any CPU.Build.0 = Debug|Any CPU
		{6A7EDB6F-D729-44D4-ABFA-8A8733E51F3F}.Release|Any CPU.ActiveCfg = Release|Any CPU
		{6A7EDB6F-D729-44D4-ABFA-8A8733E51F3F}.Release|Any CPU.Build.0 = Release|Any CPU
		{29A28629-DC0D-43F9-866D-0FFD80211745}.Debug|Any CPU.ActiveCfg = Debug|Any CPU
		{29A28629-DC0D-43F9-866D-0FFD80211745}.Debug|Any CPU.Build.0 = Debug|Any CPU
		{29A28629-DC0D-43F9-866D-0FFD80211745}.Release|Any CPU.ActiveCfg = Release|Any CPU
		{29A28629-DC0D-43F9-866D-0FFD80211745}.Release|Any CPU.Build.0 = Release|Any CPU
		{9D44B699-F1AC-4594-87CF-73F8362C6F7B}.Debug|Any CPU.ActiveCfg = Debug|Any CPU
		{9D44B699-F1AC-4594-87CF-73F8362C6F7B}.Debug|Any CPU.Build.0 = Debug|Any CPU
		{9D44B699-F1AC-4594-87CF-73F8362C6F7B}.Release|Any CPU.ActiveCfg = Release|Any CPU
		{9D44B699-F1AC-4594-87CF-73F8362C6F7B}.Release|Any CPU.Build.0 = Release|Any CPU
		{56FB36CE-210E-4EA9-8C31-D51822690299}.Debug|Any CPU.ActiveCfg = Debug|Any CPU
		{56FB36CE-210E-4EA9-8C31-D51822690299}.Debug|Any CPU.Build.0 = Debug|Any CPU
		{56FB36CE-210E-4EA9-8C31-D51822690299}.Release|Any CPU.ActiveCfg = Release|Any CPU
		{56FB36CE-210E-4EA9-8C31-D51822690299}.Release|Any CPU.Build.0 = Release|Any CPU
		{69226EFA-AF51-4B79-8B7B-18BB55BAF19B}.Debug|Any CPU.ActiveCfg = Debug|Any CPU
		{69226EFA-AF51-4B79-8B7B-18BB55BAF19B}.Debug|Any CPU.Build.0 = Debug|Any CPU
		{69226EFA-AF51-4B79-8B7B-18BB55BAF19B}.Release|Any CPU.ActiveCfg = Release|Any CPU
		{69226EFA-AF51-4B79-8B7B-18BB55BAF19B}.Release|Any CPU.Build.0 = Release|Any CPU
	EndGlobalSection
	GlobalSection(SolutionProperties) = preSolution
		HideSolutionNode = FALSE
	EndGlobalSection
	GlobalSection(NestedProjects) = preSolution
		{7AA90037-A763-48E7-BCA0-A351D34D52E9} = {C157ED9C-C3AE-42BA-9147-0D99D96F30E7}
		{B440D227-841A-409A-BE1F-5C84695B6038} = {7AA90037-A763-48E7-BCA0-A351D34D52E9}
		{6A7EDB6F-D729-44D4-ABFA-8A8733E51F3F} = {7AA90037-A763-48E7-BCA0-A351D34D52E9}
		{7C351011-04D6-4E6D-AB03-39A25F105E51} = {70E8B01D-580F-42DF-A04E-903FF40FE49B}
		{29A28629-DC0D-43F9-866D-0FFD80211745} = {7C351011-04D6-4E6D-AB03-39A25F105E51}
		{9D44B699-F1AC-4594-87CF-73F8362C6F7B} = {7C351011-04D6-4E6D-AB03-39A25F105E51}
		{56FB36CE-210E-4EA9-8C31-D51822690299} = {70E8B01D-580F-42DF-A04E-903FF40FE49B}
		{69226EFA-AF51-4B79-8B7B-18BB55BAF19B} = {70E8B01D-580F-42DF-A04E-903FF40FE49B}
	EndGlobalSection
EndGlobal
