
Microsoft Visual Studio Solution File, Format Version 12.00
# Visual Studio Version 17
VisualStudioVersion = 17.0.31903.59
MinimumVisualStudioVersion = 10.0.40219.1
Project("{FAE04EC0-301F-11D3-BF4B-00C04F79EFBC}") = "UserManagement.API", "UserManagement.API\UserManagement.API.csproj", "{CA1FAF4B-996E-453E-ADD0-DF46804B420A}"
EndProject
Project("{FAE04EC0-301F-11D3-BF4B-00C04F79EFBC}") = "UserManagement.Infrastructure", "UserManagement.Infrastructure\UserManagement.Infrastructure.csproj", "{F610069D-A077-409C-B524-C4372356DBF0}"
EndProject
Project("{2150E333-8FDC-42A3-9474-1A3956D46DE8}") = "Core", "Core", "{3CB9F6E2-9390-4B34-B403-69214A33593C}"
EndProject
Project("{FAE04EC0-301F-11D3-BF4B-00C04F79EFBC}") = "Core.Domain", "Core\Core.Domain\Core.Domain.csproj", "{9A1ACE0C-D667-44F2-8B23-9934502E2AAA}"
EndProject
Project("{FAE04EC0-301F-11D3-BF4B-00C04F79EFBC}") = "Core.Application", "Core\Core.Application\Core.Application.csproj", "{6C0F9780-E774-4D4D-8065-5CA269D8395D}"
EndProject
Project("{FAE04EC0-301F-11D3-BF4B-00C04F79EFBC}") = "UserManagement.Tests", "UserManagement.Tests\UserManagement.Tests.csproj", "{F9C92E54-DDD3-4A3E-B893-13DDC97CADC9}"
EndProject
Project("{FAE04EC0-301F-11D3-BF4B-00C04F79EFBC}") = "UserManagement.SecurityTests", "UserManagement.SecurityTests\UserManagement.SecurityTests.csproj", "{B4D94D7B-B0A4-42DB-9A8B-C0E3FEEE1EC5}"
EndProject
Project("{FAE04EC0-301F-11D3-BF4B-00C04F79EFBC}") = "UserManagement.IntegrationTests", "UserManagement.IntegrationTests\UserManagement.IntegrationTests.csproj", "{DBCBE908-E8F2-4D7A-BC1D-D110C3225FF5}"
EndProject
Global
	GlobalSection(SolutionConfigurationPlatforms) = preSolution
		Debug|Any CPU = Debug|Any CPU
		Release|Any CPU = Release|Any CPU
	EndGlobalSection
	GlobalSection(SolutionProperties) = preSolution
		HideSolutionNode = FALSE
	EndGlobalSection
	GlobalSection(ProjectConfigurationPlatforms) = postSolution
		{CA1FAF4B-996E-453E-ADD0-DF46804B420A}.Debug|Any CPU.ActiveCfg = Debug|Any CPU
		{CA1FAF4B-996E-453E-ADD0-DF46804B420A}.Debug|Any CPU.Build.0 = Debug|Any CPU
		{CA1FAF4B-996E-453E-ADD0-DF46804B420A}.Release|Any CPU.ActiveCfg = Release|Any CPU
		{CA1FAF4B-996E-453E-ADD0-DF46804B420A}.Release|Any CPU.Build.0 = Release|Any CPU
		{F610069D-A077-409C-B524-C4372356DBF0}.Debug|Any CPU.ActiveCfg = Debug|Any CPU
		{F610069D-A077-409C-B524-C4372356DBF0}.Debug|Any CPU.Build.0 = Debug|Any CPU
		{F610069D-A077-409C-B524-C4372356DBF0}.Release|Any CPU.ActiveCfg = Release|Any CPU
		{F610069D-A077-409C-B524-C4372356DBF0}.Release|Any CPU.Build.0 = Release|Any CPU
		{9A1ACE0C-D667-44F2-8B23-9934502E2AAA}.Debug|Any CPU.ActiveCfg = Debug|Any CPU
		{9A1ACE0C-D667-44F2-8B23-9934502E2AAA}.Debug|Any CPU.Build.0 = Debug|Any CPU
		{9A1ACE0C-D667-44F2-8B23-9934502E2AAA}.Release|Any CPU.ActiveCfg = Release|Any CPU
		{9A1ACE0C-D667-44F2-8B23-9934502E2AAA}.Release|Any CPU.Build.0 = Release|Any CPU
		{6C0F9780-E774-4D4D-8065-5CA269D8395D}.Debug|Any CPU.ActiveCfg = Debug|Any CPU
		{6C0F9780-E774-4D4D-8065-5CA269D8395D}.Debug|Any CPU.Build.0 = Debug|Any CPU
		{6C0F9780-E774-4D4D-8065-5CA269D8395D}.Release|Any CPU.ActiveCfg = Release|Any CPU
		{6C0F9780-E774-4D4D-8065-5CA269D8395D}.Release|Any CPU.Build.0 = Release|Any CPU
		{F9C92E54-DDD3-4A3E-B893-13DDC97CADC9}.Debug|Any CPU.ActiveCfg = Debug|Any CPU
		{F9C92E54-DDD3-4A3E-B893-13DDC97CADC9}.Debug|Any CPU.Build.0 = Debug|Any CPU
		{F9C92E54-DDD3-4A3E-B893-13DDC97CADC9}.Release|Any CPU.ActiveCfg = Release|Any CPU
		{F9C92E54-DDD3-4A3E-B893-13DDC97CADC9}.Release|Any CPU.Build.0 = Release|Any CPU
		{B4D94D7B-B0A4-42DB-9A8B-C0E3FEEE1EC5}.Debug|Any CPU.ActiveCfg = Debug|Any CPU
		{B4D94D7B-B0A4-42DB-9A8B-C0E3FEEE1EC5}.Debug|Any CPU.Build.0 = Debug|Any CPU
		{B4D94D7B-B0A4-42DB-9A8B-C0E3FEEE1EC5}.Release|Any CPU.ActiveCfg = Release|Any CPU
		{B4D94D7B-B0A4-42DB-9A8B-C0E3FEEE1EC5}.Release|Any CPU.Build.0 = Release|Any CPU
		{DBCBE908-E8F2-4D7A-BC1D-D110C3225FF5}.Debug|Any CPU.ActiveCfg = Debug|Any CPU
		{DBCBE908-E8F2-4D7A-BC1D-D110C3225FF5}.Debug|Any CPU.Build.0 = Debug|Any CPU
		{DBCBE908-E8F2-4D7A-BC1D-D110C3225FF5}.Release|Any CPU.ActiveCfg = Release|Any CPU
		{DBCBE908-E8F2-4D7A-BC1D-D110C3225FF5}.Release|Any CPU.Build.0 = Release|Any CPU
	EndGlobalSection
	GlobalSection(NestedProjects) = preSolution
		{9A1ACE0C-D667-44F2-8B23-9934502E2AAA} = {3CB9F6E2-9390-4B34-B403-69214A33593C}
		{6C0F9780-E774-4D4D-8065-5CA269D8395D} = {3CB9F6E2-9390-4B34-B403-69214A33593C}
	EndGlobalSection
EndGlobal
